
Microsoft Visual Studio Solution File, Format Version 12.00
# Visual Studio Express 2012 for Web
Project("{FAE04EC0-301F-11D3-BF4B-00C04F79EFBC}") = "NCRSocialNetwork", "NCRSocialNetwork\NCRSocialNetwork.csproj", "{F08CDF7C-FB37-4425-8C1A-8EEF06BD4FCA}"
EndProject
Global
	GlobalSection(SolutionConfigurationPlatforms) = preSolution
		Debug|Any CPU = Debug|Any CPU
		Release|Any CPU = Release|Any CPU
	EndGlobalSection
	GlobalSection(ProjectConfigurationPlatforms) = postSolution
		{F08CDF7C-FB37-4425-8C1A-8EEF06BD4FCA}.Debug|Any CPU.ActiveCfg = Debug|Any CPU
		{F08CDF7C-FB37-4425-8C1A-8EEF06BD4FCA}.Debug|Any CPU.Build.0 = Debug|Any CPU
		{F08CDF7C-FB37-4425-8C1A-8EEF06BD4FCA}.Release|Any CPU.ActiveCfg = Release|Any CPU
		{F08CDF7C-FB37-4425-8C1A-8EEF06BD4FCA}.Release|Any CPU.Build.0 = Release|Any CPU
	EndGlobalSection
	GlobalSection(SolutionProperties) = preSolution
		HideSolutionNode = FALSE
	EndGlobalSection
EndGlobal
